// !$*UTF8*$!
{
	archiveVersion = 1;
	classes = {
	};
	objectVersion = 46;
	objects = {

/* Begin PBXBuildFile section */
		7A3B95271C7E67E900E43F55 /* SnapsViewController.m in Sources */ = {isa = PBXBuildFile; fileRef = 7A3B95261C7E67E900E43F55 /* SnapsViewController.m */; };
		7A6CBD1A1C7D1E1300E2C8B3 /* main.m in Sources */ = {isa = PBXBuildFile; fileRef = 7A6CBD191C7D1E1300E2C8B3 /* main.m */; };
		7A6CBD1D1C7D1E1300E2C8B3 /* AppDelegate.m in Sources */ = {isa = PBXBuildFile; fileRef = 7A6CBD1C1C7D1E1300E2C8B3 /* AppDelegate.m */; };
		7A6CBD261C7D1E1300E2C8B3 /* Main.storyboard in Resources */ = {isa = PBXBuildFile; fileRef = 7A6CBD241C7D1E1300E2C8B3 /* Main.storyboard */; };
		7A6CBD281C7D1E1300E2C8B3 /* Assets.xcassets in Resources */ = {isa = PBXBuildFile; fileRef = 7A6CBD271C7D1E1300E2C8B3 /* Assets.xcassets */; };
		7A6CBD2B1C7D1E1300E2C8B3 /* LaunchScreen.storyboard in Resources */ = {isa = PBXBuildFile; fileRef = 7A6CBD291C7D1E1300E2C8B3 /* LaunchScreen.storyboard */; };
		7A6CBD341C7D8BFC00E2C8B3 /* LoginViewController.m in Sources */ = {isa = PBXBuildFile; fileRef = 7A6CBD331C7D8BFC00E2C8B3 /* LoginViewController.m */; };
		7A6CBD3A1C7E30B300E2C8B3 /* OKAlertController.m in Sources */ = {isa = PBXBuildFile; fileRef = 7A6CBD391C7E30B300E2C8B3 /* OKAlertController.m */; };
		7A6CBD3D1C7E348F00E2C8B3 /* LoadingView.m in Sources */ = {isa = PBXBuildFile; fileRef = 7A6CBD3C1C7E348F00E2C8B3 /* LoadingView.m */; };
		7A6CBD401C7E3C2200E2C8B3 /* URLRequest.m in Sources */ = {isa = PBXBuildFile; fileRef = 7A6CBD3F1C7E3C2200E2C8B3 /* URLRequest.m */; };
/* End PBXBuildFile section */

/* Begin PBXFileReference section */
		7A3B95251C7E67E900E43F55 /* SnapsViewController.h */ = {isa = PBXFileReference; fileEncoding = 4; lastKnownFileType = sourcecode.c.h; name = SnapsViewController.h; path = "Pic-a-Boo/Controllers/Snaps/SnapsViewController.h"; sourceTree = "<group>"; };
		7A3B95261C7E67E900E43F55 /* SnapsViewController.m */ = {isa = PBXFileReference; fileEncoding = 4; lastKnownFileType = sourcecode.c.objc; name = SnapsViewController.m; path = "Pic-a-Boo/Controllers/Snaps/SnapsViewController.m"; sourceTree = "<group>"; };
		7A6CBD151C7D1E1300E2C8B3 /* Pic-a-Boo.app */ = {isa = PBXFileReference; explicitFileType = wrapper.application; includeInIndex = 0; path = "Pic-a-Boo.app"; sourceTree = BUILT_PRODUCTS_DIR; };
		7A6CBD191C7D1E1300E2C8B3 /* main.m */ = {isa = PBXFileReference; lastKnownFileType = sourcecode.c.objc; path = main.m; sourceTree = "<group>"; };
		7A6CBD1B1C7D1E1300E2C8B3 /* AppDelegate.h */ = {isa = PBXFileReference; lastKnownFileType = sourcecode.c.h; path = AppDelegate.h; sourceTree = "<group>"; };
		7A6CBD1C1C7D1E1300E2C8B3 /* AppDelegate.m */ = {isa = PBXFileReference; lastKnownFileType = sourcecode.c.objc; path = AppDelegate.m; sourceTree = "<group>"; };
		7A6CBD251C7D1E1300E2C8B3 /* Base */ = {isa = PBXFileReference; lastKnownFileType = file.storyboard; name = Base; path = Base.lproj/Main.storyboard; sourceTree = "<group>"; };
		7A6CBD271C7D1E1300E2C8B3 /* Assets.xcassets */ = {isa = PBXFileReference; lastKnownFileType = folder.assetcatalog; path = Assets.xcassets; sourceTree = "<group>"; };
		7A6CBD2A1C7D1E1300E2C8B3 /* Base */ = {isa = PBXFileReference; lastKnownFileType = file.storyboard; name = Base; path = Base.lproj/LaunchScreen.storyboard; sourceTree = "<group>"; };
		7A6CBD2C1C7D1E1300E2C8B3 /* Info.plist */ = {isa = PBXFileReference; lastKnownFileType = text.plist.xml; path = Info.plist; sourceTree = "<group>"; };
		7A6CBD321C7D8BFC00E2C8B3 /* LoginViewController.h */ = {isa = PBXFileReference; fileEncoding = 4; lastKnownFileType = sourcecode.c.h; name = LoginViewController.h; path = Controllers/Login/LoginViewController.h; sourceTree = "<group>"; };
		7A6CBD331C7D8BFC00E2C8B3 /* LoginViewController.m */ = {isa = PBXFileReference; fileEncoding = 4; lastKnownFileType = sourcecode.c.objc; name = LoginViewController.m; path = Controllers/Login/LoginViewController.m; sourceTree = "<group>"; };
		7A6CBD381C7E30B300E2C8B3 /* OKAlertController.h */ = {isa = PBXFileReference; fileEncoding = 4; lastKnownFileType = sourcecode.c.h; name = OKAlertController.h; path = "Pic-a-Boo/Controllers/Alert/OKAlertController.h"; sourceTree = "<group>"; };
		7A6CBD391C7E30B300E2C8B3 /* OKAlertController.m */ = {isa = PBXFileReference; fileEncoding = 4; lastKnownFileType = sourcecode.c.objc; name = OKAlertController.m; path = "Pic-a-Boo/Controllers/Alert/OKAlertController.m"; sourceTree = "<group>"; };
		7A6CBD3B1C7E348F00E2C8B3 /* LoadingView.h */ = {isa = PBXFileReference; fileEncoding = 4; lastKnownFileType = sourcecode.c.h; name = LoadingView.h; path = "Pic-a-Boo/Views/Loading/LoadingView.h"; sourceTree = "<group>"; };
		7A6CBD3C1C7E348F00E2C8B3 /* LoadingView.m */ = {isa = PBXFileReference; fileEncoding = 4; lastKnownFileType = sourcecode.c.objc; name = LoadingView.m; path = "Pic-a-Boo/Views/Loading/LoadingView.m"; sourceTree = "<group>"; };
		7A6CBD3E1C7E3C2200E2C8B3 /* URLRequest.h */ = {isa = PBXFileReference; fileEncoding = 4; lastKnownFileType = sourcecode.c.h; name = URLRequest.h; path = "Pic-a-Boo/Classes/URLRequest/URLRequest.h"; sourceTree = "<group>"; };
		7A6CBD3F1C7E3C2200E2C8B3 /* URLRequest.m */ = {isa = PBXFileReference; fileEncoding = 4; lastKnownFileType = sourcecode.c.objc; name = URLRequest.m; path = "Pic-a-Boo/Classes/URLRequest/URLRequest.m"; sourceTree = "<group>"; };
/* End PBXFileReference section */

/* Begin PBXFrameworksBuildPhase section */
		7A6CBD121C7D1E1300E2C8B3 /* Frameworks */ = {
			isa = PBXFrameworksBuildPhase;
			buildActionMask = 2147483647;
			files = (
			);
			runOnlyForDeploymentPostprocessing = 0;
		};
/* End PBXFrameworksBuildPhase section */

/* Begin PBXGroup section */
		7A6CBD0C1C7D1E1300E2C8B3 = {
			isa = PBXGroup;
			children = (
				7A6CBD381C7E30B300E2C8B3 /* OKAlertController.h */,
				7A6CBD391C7E30B300E2C8B3 /* OKAlertController.m */,
				7A3B95251C7E67E900E43F55 /* SnapsViewController.h */,
				7A3B95261C7E67E900E43F55 /* SnapsViewController.m */,
				7A6CBD3E1C7E3C2200E2C8B3 /* URLRequest.h */,
				7A6CBD3F1C7E3C2200E2C8B3 /* URLRequest.m */,
				7A6CBD3B1C7E348F00E2C8B3 /* LoadingView.h */,
				7A6CBD3C1C7E348F00E2C8B3 /* LoadingView.m */,
				7A6CBD171C7D1E1300E2C8B3 /* Pic-a-Boo */,
				7A6CBD161C7D1E1300E2C8B3 /* Products */,
			);
			sourceTree = "<group>";
		};
		7A6CBD161C7D1E1300E2C8B3 /* Products */ = {
			isa = PBXGroup;
			children = (
				7A6CBD151C7D1E1300E2C8B3 /* Pic-a-Boo.app */,
			);
			name = Products;
			sourceTree = "<group>";
		};
		7A6CBD171C7D1E1300E2C8B3 /* Pic-a-Boo */ = {
			isa = PBXGroup;
			children = (
				7A6CBD1B1C7D1E1300E2C8B3 /* AppDelegate.h */,
				7A6CBD1C1C7D1E1300E2C8B3 /* AppDelegate.m */,
				7A6CBD241C7D1E1300E2C8B3 /* Main.storyboard */,
				7A6CBD321C7D8BFC00E2C8B3 /* LoginViewController.h */,
				7A6CBD331C7D8BFC00E2C8B3 /* LoginViewController.m */,
				7A6CBD271C7D1E1300E2C8B3 /* Assets.xcassets */,
				7A6CBD291C7D1E1300E2C8B3 /* LaunchScreen.storyboard */,
				7A6CBD2C1C7D1E1300E2C8B3 /* Info.plist */,
				7A6CBD181C7D1E1300E2C8B3 /* Supporting Files */,
			);
			path = "Pic-a-Boo";
			sourceTree = "<group>";
		};
		7A6CBD181C7D1E1300E2C8B3 /* Supporting Files */ = {
			isa = PBXGroup;
			children = (
				7A6CBD191C7D1E1300E2C8B3 /* main.m */,
			);
			name = "Supporting Files";
			sourceTree = "<group>";
		};
/* End PBXGroup section */

/* Begin PBXNativeTarget section */
		7A6CBD141C7D1E1300E2C8B3 /* Pic-a-Boo */ = {
			isa = PBXNativeTarget;
			buildConfigurationList = 7A6CBD2F1C7D1E1300E2C8B3 /* Build configuration list for PBXNativeTarget "Pic-a-Boo" */;
			buildPhases = (
				7A6CBD111C7D1E1300E2C8B3 /* Sources */,
				7A6CBD121C7D1E1300E2C8B3 /* Frameworks */,
				7A6CBD131C7D1E1300E2C8B3 /* Resources */,
			);
			buildRules = (
			);
			dependencies = (
			);
			name = "Pic-a-Boo";
			productName = "Pic-a-Boo";
			productReference = 7A6CBD151C7D1E1300E2C8B3 /* Pic-a-Boo.app */;
			productType = "com.apple.product-type.application";
		};
/* End PBXNativeTarget section */

/* Begin PBXProject section */
		7A6CBD0D1C7D1E1300E2C8B3 /* Project object */ = {
			isa = PBXProject;
			attributes = {
				LastUpgradeCheck = 0720;
				ORGANIZATIONNAME = "Jackson Sierra";
				TargetAttributes = {
					7A6CBD141C7D1E1300E2C8B3 = {
						CreatedOnToolsVersion = 7.2.1;
					};
				};
			};
			buildConfigurationList = 7A6CBD101C7D1E1300E2C8B3 /* Build configuration list for PBXProject "Pic-a-Boo" */;
			compatibilityVersion = "Xcode 3.2";
			developmentRegion = English;
			hasScannedForEncodings = 0;
			knownRegions = (
				en,
				Base,
			);
			mainGroup = 7A6CBD0C1C7D1E1300E2C8B3;
			productRefGroup = 7A6CBD161C7D1E1300E2C8B3 /* Products */;
			projectDirPath = "";
			projectRoot = "";
			targets = (
				7A6CBD141C7D1E1300E2C8B3 /* Pic-a-Boo */,
			);
		};
/* End PBXProject section */

/* Begin PBXResourcesBuildPhase section */
		7A6CBD131C7D1E1300E2C8B3 /* Resources */ = {
			isa = PBXResourcesBuildPhase;
			buildActionMask = 2147483647;
			files = (
				7A6CBD2B1C7D1E1300E2C8B3 /* LaunchScreen.storyboard in Resources */,
				7A6CBD281C7D1E1300E2C8B3 /* Assets.xcassets in Resources */,
				7A6CBD261C7D1E1300E2C8B3 /* Main.storyboard in Resources */,
			);
			runOnlyForDeploymentPostprocessing = 0;
		};
/* End PBXResourcesBuildPhase section */

/* Begin PBXSourcesBuildPhase section */
		7A6CBD111C7D1E1300E2C8B3 /* Sources */ = {
			isa = PBXSourcesBuildPhase;
			buildActionMask = 2147483647;
			files = (
				7A6CBD3A1C7E30B300E2C8B3 /* OKAlertController.m in Sources */,
				7A6CBD3D1C7E348F00E2C8B3 /* LoadingView.m in Sources */,
				7A3B95271C7E67E900E43F55 /* SnapsViewController.m in Sources */,
				7A6CBD1D1C7D1E1300E2C8B3 /* AppDelegate.m in Sources */,
				7A6CBD1A1C7D1E1300E2C8B3 /* main.m in Sources */,
				7A6CBD341C7D8BFC00E2C8B3 /* LoginViewController.m in Sources */,
				7A6CBD401C7E3C2200E2C8B3 /* URLRequest.m in Sources */,
			);
			runOnlyForDeploymentPostprocessing = 0;
		};
/* End PBXSourcesBuildPhase section */

/* Begin PBXVariantGroup section */
		7A6CBD241C7D1E1300E2C8B3 /* Main.storyboard */ = {
			isa = PBXVariantGroup;
			children = (
				7A6CBD251C7D1E1300E2C8B3 /* Base */,
			);
			name = Main.storyboard;
			sourceTree = "<group>";
		};
		7A6CBD291C7D1E1300E2C8B3 /* LaunchScreen.storyboard */ = {
			isa = PBXVariantGroup;
			children = (
				7A6CBD2A1C7D1E1300E2C8B3 /* Base */,
			);
			name = LaunchScreen.storyboard;
			sourceTree = "<group>";
		};
/* End PBXVariantGroup section */

/* Begin XCBuildConfiguration section */
		7A6CBD2D1C7D1E1300E2C8B3 /* Debug */ = {
			isa = XCBuildConfiguration;
			buildSettings = {
				ALWAYS_SEARCH_USER_PATHS = NO;
				CLANG_CXX_LANGUAGE_STANDARD = "gnu++0x";
				CLANG_CXX_LIBRARY = "libc++";
				CLANG_ENABLE_MODULES = YES;
				CLANG_ENABLE_OBJC_ARC = YES;
				CLANG_WARN_BOOL_CONVERSION = YES;
				CLANG_WARN_CONSTANT_CONVERSION = YES;
				CLANG_WARN_DIRECT_OBJC_ISA_USAGE = YES_ERROR;
				CLANG_WARN_EMPTY_BODY = YES;
				CLANG_WARN_ENUM_CONVERSION = YES;
				CLANG_WARN_INT_CONVERSION = YES;
				CLANG_WARN_OBJC_ROOT_CLASS = YES_ERROR;
				CLANG_WARN_UNREACHABLE_CODE = YES;
				CLANG_WARN__DUPLICATE_METHOD_MATCH = YES;
				"CODE_SIGN_IDENTITY[sdk=iphoneos*]" = "iPhone Developer";
				COPY_PHASE_STRIP = NO;
				DEBUG_INFORMATION_FORMAT = dwarf;
				ENABLE_STRICT_OBJC_MSGSEND = YES;
				ENABLE_TESTABILITY = YES;
				GCC_C_LANGUAGE_STANDARD = gnu99;
				GCC_DYNAMIC_NO_PIC = NO;
				GCC_NO_COMMON_BLOCKS = YES;
				GCC_OPTIMIZATION_LEVEL = 0;
				GCC_PREPROCESSOR_DEFINITIONS = (
					"DEBUG=1",
					"$(inherited)",
				);
				GCC_WARN_64_TO_32_BIT_CONVERSION = YES;
				GCC_WARN_ABOUT_RETURN_TYPE = YES_ERROR;
				GCC_WARN_UNDECLARED_SELECTOR = YES;
				GCC_WARN_UNINITIALIZED_AUTOS = YES_AGGRESSIVE;
				GCC_WARN_UNUSED_FUNCTION = YES;
				GCC_WARN_UNUSED_VARIABLE = YES;
				IPHONEOS_DEPLOYMENT_TARGET = 9.2;
				MTL_ENABLE_DEBUG_INFO = YES;
				ONLY_ACTIVE_ARCH = YES;
				SDKROOT = iphoneos;
			};
			name = Debug;
		};
		7A6CBD2E1C7D1E1300E2C8B3 /* Release */ = {
			isa = XCBuildConfiguration;
			buildSettings = {
				ALWAYS_SEARCH_USER_PATHS = NO;
				CLANG_CXX_LANGUAGE_STANDARD = "gnu++0x";
				CLANG_CXX_LIBRARY = "libc++";
				CLANG_ENABLE_MODULES = YES;
				CLANG_ENABLE_OBJC_ARC = YES;
				CLANG_WARN_BOOL_CONVERSION = YES;
				CLANG_WARN_CONSTANT_CONVERSION = YES;
				CLANG_WARN_DIRECT_OBJC_ISA_USAGE = YES_ERROR;
				CLANG_WARN_EMPTY_BODY = YES;
				CLANG_WARN_ENUM_CONVERSION = YES;
				CLANG_WARN_INT_CONVERSION = YES;
				CLANG_WARN_OBJC_ROOT_CLASS = YES_ERROR;
				CLANG_WARN_UNREACHABLE_CODE = YES;
				CLANG_WARN__DUPLICATE_METHOD_MATCH = YES;
				"CODE_SIGN_IDENTITY[sdk=iphoneos*]" = "iPhone Developer";
				COPY_PHASE_STRIP = NO;
				DEBUG_INFORMATION_FORMAT = "dwarf-with-dsym";
				ENABLE_NS_ASSERTIONS = NO;
				ENABLE_STRICT_OBJC_MSGSEND = YES;
				GCC_C_LANGUAGE_STANDARD = gnu99;
				GCC_NO_COMMON_BLOCKS = YES;
				GCC_WARN_64_TO_32_BIT_CONVERSION = YES;
				GCC_WARN_ABOUT_RETURN_TYPE = YES_ERROR;
				GCC_WARN_UNDECLARED_SELECTOR = YES;
				GCC_WARN_UNINITIALIZED_AUTOS = YES_AGGRESSIVE;
				GCC_WARN_UNUSED_FUNCTION = YES;
				GCC_WARN_UNUSED_VARIABLE = YES;
				IPHONEOS_DEPLOYMENT_TARGET = 9.2;
				MTL_ENABLE_DEBUG_INFO = NO;
				SDKROOT = iphoneos;
				VALIDATE_PRODUCT = YES;
			};
			name = Release;
		};
		7A6CBD301C7D1E1300E2C8B3 /* Debug */ = {
			isa = XCBuildConfiguration;
			buildSettings = {
				ASSETCATALOG_COMPILER_APPICON_NAME = AppIcon;
				INFOPLIST_FILE = "Pic-a-Boo/Info.plist";
				LD_RUNPATH_SEARCH_PATHS = "$(inherited) @executable_path/Frameworks";
				PRODUCT_BUNDLE_IDENTIFIER = "com.jacksonsierra.Pic-a-Boo";
				PRODUCT_NAME = "$(TARGET_NAME)";
			};
			name = Debug;
		};
		7A6CBD311C7D1E1300E2C8B3 /* Release */ = {
			isa = XCBuildConfiguration;
			buildSettings = {
				ASSETCATALOG_COMPILER_APPICON_NAME = AppIcon;
				INFOPLIST_FILE = "Pic-a-Boo/Info.plist";
				LD_RUNPATH_SEARCH_PATHS = "$(inherited) @executable_path/Frameworks";
				PRODUCT_BUNDLE_IDENTIFIER = "com.jacksonsierra.Pic-a-Boo";
				PRODUCT_NAME = "$(TARGET_NAME)";
			};
			name = Release;
		};
/* End XCBuildConfiguration section */

/* Begin XCConfigurationList section */
		7A6CBD101C7D1E1300E2C8B3 /* Build configuration list for PBXProject "Pic-a-Boo" */ = {
			isa = XCConfigurationList;
			buildConfigurations = (
				7A6CBD2D1C7D1E1300E2C8B3 /* Debug */,
				7A6CBD2E1C7D1E1300E2C8B3 /* Release */,
			);
			defaultConfigurationIsVisible = 0;
			defaultConfigurationName = Release;
		};
		7A6CBD2F1C7D1E1300E2C8B3 /* Build configuration list for PBXNativeTarget "Pic-a-Boo" */ = {
			isa = XCConfigurationList;
			buildConfigurations = (
				7A6CBD301C7D1E1300E2C8B3 /* Debug */,
				7A6CBD311C7D1E1300E2C8B3 /* Release */,
			);
			defaultConfigurationIsVisible = 0;
			defaultConfigurationName = Release;
		};
/* End XCConfigurationList section */
	};
	rootObject = 7A6CBD0D1C7D1E1300E2C8B3 /* Project object */;
}
